{
  "lockfile_version": "1",
  "packages": {
    "poetry@latest": {
      "last_modified": "2024-09-12T02:28:40Z",
      "plugin_version": "0.0.4",
      "resolved": "github:NixOS/nixpkgs/111ed8812c10d7dc3017de46cbf509600c93f551#poetry",
      "source": "devbox-search",
      "version": "1.8.3",
      "systems": {
        "aarch64-darwin": {
          "outputs": [
            {
              "name": "out",
              "path": "/nix/store/3afd2hf59pqfcp89qv3dpigg1k4vdcqm-python3.12-poetry-1.8.3",
              "default": true
            },
            {
              "name": "dist",
              "path": "/nix/store/syx3946jkn35a48v21r0ivxb486ih11a-python3.12-poetry-1.8.3-dist"
            }
          ],
          "store_path": "/nix/store/3afd2hf59pqfcp89qv3dpigg1k4vdcqm-python3.12-poetry-1.8.3"
        },
        "aarch64-linux": {
          "outputs": [
            {
              "name": "out",
              "path": "/nix/store/yrbxp6p7y3rw2rsb876fh626im5qwm11-python3.12-poetry-1.8.3",
              "default": true
            },
            {
              "name": "dist",
              "path": "/nix/store/i3rhhqx707d9rs733fr6d78j4bdgxv18-python3.12-poetry-1.8.3-dist"
            }
          ],
          "store_path": "/nix/store/yrbxp6p7y3rw2rsb876fh626im5qwm11-python3.12-poetry-1.8.3"
        },
        "x86_64-darwin": {
          "outputs": [
            {
              "name": "out",
              "path": "/nix/store/zprd4igxqmqpx7sb5b855m03j3v9khl4-python3.12-poetry-1.8.3",
              "default": true
            },
            {
              "name": "dist",
              "path": "/nix/store/aks1ifxa9zh6x097psaawfw9hyfgxc4m-python3.12-poetry-1.8.3-dist"
            }
          ],
          "store_path": "/nix/store/zprd4igxqmqpx7sb5b855m03j3v9khl4-python3.12-poetry-1.8.3"
        },
        "x86_64-linux": {
          "outputs": [
            {
              "name": "out",
              "path": "/nix/store/wp31r8hkk6przh1wxmgk7qcqv49qn0rr-python3.12-poetry-1.8.3",
              "default": true
            },
            {
              "name": "dist",
              "path": "/nix/store/s344207rj40wlnqbb857i7jqrva8wfb0-python3.12-poetry-1.8.3-dist"
            }
          ],
          "store_path": "/nix/store/wp31r8hkk6przh1wxmgk7qcqv49qn0rr-python3.12-poetry-1.8.3"
        }
      }
    },
    "python@3.12": {
      "last_modified": "2024-09-10T15:01:03Z",
      "plugin_version": "0.0.4",
      "resolved": "github:NixOS/nixpkgs/5ed627539ac84809c78b2dd6d26a5cebeb5ae269#python3",
      "source": "devbox-search",
      "version": "3.12.5",
      "systems": {
        "aarch64-darwin": {
          "outputs": [
            {
              "name": "out",
              "path": "/nix/store/9pj4rzx5pbynkkxq1srzwjhywmcfxws3-python3-3.12.5",
              "default": true
            }
          ],
          "store_path": "/nix/store/9pj4rzx5pbynkkxq1srzwjhywmcfxws3-python3-3.12.5"
        },
        "aarch64-linux": {
          "outputs": [
            {
              "name": "out",
              "path": "/nix/store/6iq3nhgdyp8a5wzwf097zf2mn4zyqxr6-python3-3.12.5",
              "default": true
            },
            {
              "name": "debug",
              "path": "/nix/store/xc4hygp28y7g1rvjf0vi7fj0d83a75pj-python3-3.12.5-debug"
            }
          ],
          "store_path": "/nix/store/6iq3nhgdyp8a5wzwf097zf2mn4zyqxr6-python3-3.12.5"
        },
        "x86_64-darwin": {
          "outputs": [
            {
              "name": "out",
              "path": "/nix/store/ks8acr22s4iggnmvxydm5czl30racy32-python3-3.12.5",
              "default": true
            }
          ],
          "store_path": "/nix/store/ks8acr22s4iggnmvxydm5czl30racy32-python3-3.12.5"
        },
        "x86_64-linux": {
          "outputs": [
            {
              "name": "out",
              "path": "/nix/store/h3i0acpmr8mrjx07519xxmidv8mpax4y-python3-3.12.5",
              "default": true
            },
            {
              "name": "debug",
              "path": "/nix/store/0a39pi2s6kxqc3kjjz2y9yzibd62zhhb-python3-3.12.5-debug"
            }
          ],
          "store_path": "/nix/store/h3i0acpmr8mrjx07519xxmidv8mpax4y-python3-3.12.5"
        }
      }
    }
  }
}
